
Microsoft Visual Studio Solution File, Format Version 12.00
# Visual Studio Version 16
VisualStudioVersion = 16.0.29209.62
MinimumVisualStudioVersion = 10.0.40219.1
Project("{FAE04EC0-301F-11D3-BF4B-00C04F79EFBC}") = "AdapterDesign", "AdapterDesign\AdapterDesign.csproj", "{1D950B72-3912-44D8-904D-A8D16367A97A}"
EndProject
Global
	GlobalSection(SolutionConfigurationPlatforms) = preSolution
		Debug|Any CPU = Debug|Any CPU
		Release|Any CPU = Release|Any CPU
	EndGlobalSection
	GlobalSection(ProjectConfigurationPlatforms) = postSolution
		{1D950B72-3912-44D8-904D-A8D16367A97A}.Debug|Any CPU.ActiveCfg = Debug|Any CPU
		{1D950B72-3912-44D8-904D-A8D16367A97A}.Debug|Any CPU.Build.0 = Debug|Any CPU
		{1D950B72-3912-44D8-904D-A8D16367A97A}.Release|Any CPU.ActiveCfg = Release|Any CPU
		{1D950B72-3912-44D8-904D-A8D16367A97A}.Release|Any CPU.Build.0 = Release|Any CPU
	EndGlobalSection
	GlobalSection(SolutionProperties) = preSolution
		HideSolutionNode = FALSE
	EndGlobalSection
	GlobalSection(ExtensibilityGlobals) = postSolution
		SolutionGuid = {6BE157C9-4261-4B01-ABEB-7E1F0D1B8C63}
	EndGlobalSection
EndGlobal
